// !$*UTF8*$!
{
	archiveVersion = 1;
	classes = {
	};
	objectVersion = 46;
	objects = {

/* Begin PBXBuildFile section */
		CE13BF531DB1283A00910A4F /* AppDelegate.swift in Sources */ = {isa = PBXBuildFile; fileRef = CE13BF521DB1283A00910A4F /* AppDelegate.swift */; };
		CE13BF551DB1283A00910A4F /* ViewController.swift in Sources */ = {isa = PBXBuildFile; fileRef = CE13BF541DB1283A00910A4F /* ViewController.swift */; };
		CE13BF581DB1283A00910A4F /* Main.storyboard in Resources */ = {isa = PBXBuildFile; fileRef = CE13BF561DB1283A00910A4F /* Main.storyboard */; };
		CE13BF5B1DB1283A00910A4F /* pokeSearch.xcdatamodeld in Sources */ = {isa = PBXBuildFile; fileRef = CE13BF591DB1283A00910A4F /* pokeSearch.xcdatamodeld */; };
		CE13BF5D1DB1283A00910A4F /* Assets.xcassets in Resources */ = {isa = PBXBuildFile; fileRef = CE13BF5C1DB1283A00910A4F /* Assets.xcassets */; };
		CE13BF601DB1283A00910A4F /* LaunchScreen.storyboard in Resources */ = {isa = PBXBuildFile; fileRef = CE13BF5E1DB1283A00910A4F /* LaunchScreen.storyboard */; };
/* End PBXBuildFile section */

/* Begin PBXFileReference section */
		CE13BF4F1DB1283A00910A4F /* pokeSearch.app */ = {isa = PBXFileReference; explicitFileType = wrapper.application; includeInIndex = 0; path = pokeSearch.app; sourceTree = BUILT_PRODUCTS_DIR; };
		CE13BF521DB1283A00910A4F /* AppDelegate.swift */ = {isa = PBXFileReference; lastKnownFileType = sourcecode.swift; path = AppDelegate.swift; sourceTree = "<group>"; };
		CE13BF541DB1283A00910A4F /* ViewController.swift */ = {isa = PBXFileReference; lastKnownFileType = sourcecode.swift; path = ViewController.swift; sourceTree = "<group>"; };
		CE13BF571DB1283A00910A4F /* Base */ = {isa = PBXFileReference; lastKnownFileType = file.storyboard; name = Base; path = Base.lproj/Main.storyboard; sourceTree = "<group>"; };
		CE13BF5A1DB1283A00910A4F /* pokeSearch.xcdatamodel */ = {isa = PBXFileReference; lastKnownFileType = wrapper.xcdatamodel; path = pokeSearch.xcdatamodel; sourceTree = "<group>"; };
		CE13BF5C1DB1283A00910A4F /* Assets.xcassets */ = {isa = PBXFileReference; lastKnownFileType = folder.assetcatalog; path = Assets.xcassets; sourceTree = "<group>"; };
		CE13BF5F1DB1283A00910A4F /* Base */ = {isa = PBXFileReference; lastKnownFileType = file.storyboard; name = Base; path = Base.lproj/LaunchScreen.storyboard; sourceTree = "<group>"; };
		CE13BF611DB1283A00910A4F /* Info.plist */ = {isa = PBXFileReference; lastKnownFileType = text.plist.xml; path = Info.plist; sourceTree = "<group>"; };
/* End PBXFileReference section */

/* Begin PBXFrameworksBuildPhase section */
		CE13BF4C1DB1283A00910A4F /* Frameworks */ = {
			isa = PBXFrameworksBuildPhase;
			buildActionMask = 2147483647;
			files = (
			);
			runOnlyForDeploymentPostprocessing = 0;
		};
/* End PBXFrameworksBuildPhase section */

/* Begin PBXGroup section */
		CE13BF461DB1283A00910A4F = {
			isa = PBXGroup;
			children = (
				CE13BF511DB1283A00910A4F /* pokeSearch */,
				CE13BF501DB1283A00910A4F /* Products */,
			);
			sourceTree = "<group>";
		};
		CE13BF501DB1283A00910A4F /* Products */ = {
			isa = PBXGroup;
			children = (
				CE13BF4F1DB1283A00910A4F /* pokeSearch.app */,
			);
			name = Products;
			sourceTree = "<group>";
		};
		CE13BF511DB1283A00910A4F /* pokeSearch */ = {
			isa = PBXGroup;
			children = (
				CE13BF521DB1283A00910A4F /* AppDelegate.swift */,
				CE13BF541DB1283A00910A4F /* ViewController.swift */,
				CE13BF561DB1283A00910A4F /* Main.storyboard */,
				CE13BF5C1DB1283A00910A4F /* Assets.xcassets */,
				CE13BF5E1DB1283A00910A4F /* LaunchScreen.storyboard */,
				CE13BF611DB1283A00910A4F /* Info.plist */,
				CE13BF591DB1283A00910A4F /* pokeSearch.xcdatamodeld */,
			);
			path = pokeSearch;
			sourceTree = "<group>";
		};
/* End PBXGroup section */

/* Begin PBXNativeTarget section */
		CE13BF4E1DB1283A00910A4F /* pokeSearch */ = {
			isa = PBXNativeTarget;
			buildConfigurationList = CE13BF641DB1283A00910A4F /* Build configuration list for PBXNativeTarget "pokeSearch" */;
			buildPhases = (
				CE13BF4B1DB1283A00910A4F /* Sources */,
				CE13BF4C1DB1283A00910A4F /* Frameworks */,
				CE13BF4D1DB1283A00910A4F /* Resources */,
			);
			buildRules = (
			);
			dependencies = (
			);
			name = pokeSearch;
			productName = pokeSearch;
			productReference = CE13BF4F1DB1283A00910A4F /* pokeSearch.app */;
			productType = "com.apple.product-type.application";
		};
/* End PBXNativeTarget section */

/* Begin PBXProject section */
		CE13BF471DB1283A00910A4F /* Project object */ = {
			isa = PBXProject;
			attributes = {
				LastSwiftUpdateCheck = 0730;
				LastUpgradeCheck = 0730;
				ORGANIZATIONNAME = "David Kennedy";
				TargetAttributes = {
					CE13BF4E1DB1283A00910A4F = {
						CreatedOnToolsVersion = 7.3.1;
					};
				};
			};
			buildConfigurationList = CE13BF4A1DB1283A00910A4F /* Build configuration list for PBXProject "pokeSearch" */;
			compatibilityVersion = "Xcode 3.2";
			developmentRegion = English;
			hasScannedForEncodings = 0;
			knownRegions = (
				en,
				Base,
			);
			mainGroup = CE13BF461DB1283A00910A4F;
			productRefGroup = CE13BF501DB1283A00910A4F /* Products */;
			projectDirPath = "";
			projectRoot = "";
			targets = (
				CE13BF4E1DB1283A00910A4F /* pokeSearch */,
			);
		};
/* End PBXProject section */

/* Begin PBXResourcesBuildPhase section */
		CE13BF4D1DB1283A00910A4F /* Resources */ = {
			isa = PBXResourcesBuildPhase;
			buildActionMask = 2147483647;
			files = (
				CE13BF601DB1283A00910A4F /* LaunchScreen.storyboard in Resources */,
				CE13BF5D1DB1283A00910A4F /* Assets.xcassets in Resources */,
				CE13BF581DB1283A00910A4F /* Main.storyboard in Resources */,
			);
			runOnlyForDeploymentPostprocessing = 0;
		};
/* End PBXResourcesBuildPhase section */

/* Begin PBXSourcesBuildPhase section */
		CE13BF4B1DB1283A00910A4F /* Sources */ = {
			isa = PBXSourcesBuildPhase;
			buildActionMask = 2147483647;
			files = (
				CE13BF551DB1283A00910A4F /* ViewController.swift in Sources */,
				CE13BF531DB1283A00910A4F /* AppDelegate.swift in Sources */,
				CE13BF5B1DB1283A00910A4F /* pokeSearch.xcdatamodeld in Sources */,
			);
			runOnlyForDeploymentPostprocessing = 0;
		};
/* End PBXSourcesBuildPhase section */

/* Begin PBXVariantGroup section */
		CE13BF561DB1283A00910A4F /* Main.storyboard */ = {
			isa = PBXVariantGroup;
			children = (
				CE13BF571DB1283A00910A4F /* Base */,
			);
			name = Main.storyboard;
			sourceTree = "<group>";
		};
		CE13BF5E1DB1283A00910A4F /* LaunchScreen.storyboard */ = {
			isa = PBXVariantGroup;
			children = (
				CE13BF5F1DB1283A00910A4F /* Base */,
			);
			name = LaunchScreen.storyboard;
			sourceTree = "<group>";
		};
/* End PBXVariantGroup section */

/* Begin XCBuildConfiguration section */
		CE13BF621DB1283A00910A4F /* Debug */ = {
			isa = XCBuildConfiguration;
			buildSettings = {
				ALWAYS_SEARCH_USER_PATHS = NO;
				CLANG_ANALYZER_NONNULL = YES;
				CLANG_CXX_LANGUAGE_STANDARD = "gnu++0x";
				CLANG_CXX_LIBRARY = "libc++";
				CLANG_ENABLE_MODULES = YES;
				CLANG_ENABLE_OBJC_ARC = YES;
				CLANG_WARN_BOOL_CONVERSION = YES;
				CLANG_WARN_CONSTANT_CONVERSION = YES;
				CLANG_WARN_DIRECT_OBJC_ISA_USAGE = YES_ERROR;
				CLANG_WARN_EMPTY_BODY = YES;
				CLANG_WARN_ENUM_CONVERSION = YES;
				CLANG_WARN_INT_CONVERSION = YES;
				CLANG_WARN_OBJC_ROOT_CLASS = YES_ERROR;
				CLANG_WARN_UNREACHABLE_CODE = YES;
				CLANG_WARN__DUPLICATE_METHOD_MATCH = YES;
				"CODE_SIGN_IDENTITY[sdk=iphoneos*]" = "iPhone Developer";
				COPY_PHASE_STRIP = NO;
				DEBUG_INFORMATION_FORMAT = dwarf;
				ENABLE_STRICT_OBJC_MSGSEND = YES;
				ENABLE_TESTABILITY = YES;
				GCC_C_LANGUAGE_STANDARD = gnu99;
				GCC_DYNAMIC_NO_PIC = NO;
				GCC_NO_COMMON_BLOCKS = YES;
				GCC_OPTIMIZATION_LEVEL = 0;
				GCC_PREPROCESSOR_DEFINITIONS = (
					"DEBUG=1",
					"$(inherited)",
				);
				GCC_WARN_64_TO_32_BIT_CONVERSION = YES;
				GCC_WARN_ABOUT_RETURN_TYPE = YES_ERROR;
				GCC_WARN_UNDECLARED_SELECTOR = YES;
				GCC_WARN_UNINITIALIZED_AUTOS = YES_AGGRESSIVE;
				GCC_WARN_UNUSED_FUNCTION = YES;
				GCC_WARN_UNUSED_VARIABLE = YES;
				IPHONEOS_DEPLOYMENT_TARGET = 9.3;
				MTL_ENABLE_DEBUG_INFO = YES;
				ONLY_ACTIVE_ARCH = YES;
				SDKROOT = iphoneos;
				SWIFT_OPTIMIZATION_LEVEL = "-Onone";
				TARGETED_DEVICE_FAMILY = "1,2";
			};
			name = Debug;
		};
		CE13BF631DB1283A00910A4F /* Release */ = {
			isa = XCBuildConfiguration;
			buildSettings = {
				ALWAYS_SEARCH_USER_PATHS = NO;
				CLANG_ANALYZER_NONNULL = YES;
				CLANG_CXX_LANGUAGE_STANDARD = "gnu++0x";
				CLANG_CXX_LIBRARY = "libc++";
				CLANG_ENABLE_MODULES = YES;
				CLANG_ENABLE_OBJC_ARC = YES;
				CLANG_WARN_BOOL_CONVERSION = YES;
				CLANG_WARN_CONSTANT_CONVERSION = YES;
				CLANG_WARN_DIRECT_OBJC_ISA_USAGE = YES_ERROR;
				CLANG_WARN_EMPTY_BODY = YES;
				CLANG_WARN_ENUM_CONVERSION = YES;
				CLANG_WARN_INT_CONVERSION = YES;
				CLANG_WARN_OBJC_ROOT_CLASS = YES_ERROR;
				CLANG_WARN_UNREACHABLE_CODE = YES;
				CLANG_WARN__DUPLICATE_METHOD_MATCH = YES;
				"CODE_SIGN_IDENTITY[sdk=iphoneos*]" = "iPhone Developer";
				COPY_PHASE_STRIP = NO;
				DEBUG_INFORMATION_FORMAT = "dwarf-with-dsym";
				ENABLE_NS_ASSERTIONS = NO;
				ENABLE_STRICT_OBJC_MSGSEND = YES;
				GCC_C_LANGUAGE_STANDARD = gnu99;
				GCC_NO_COMMON_BLOCKS = YES;
				GCC_WARN_64_TO_32_BIT_CONVERSION = YES;
				GCC_WARN_ABOUT_RETURN_TYPE = YES_ERROR;
				GCC_WARN_UNDECLARED_SELECTOR = YES;
				GCC_WARN_UNINITIALIZED_AUTOS = YES_AGGRESSIVE;
				GCC_WARN_UNUSED_FUNCTION = YES;
				GCC_WARN_UNUSED_VARIABLE = YES;
				IPHONEOS_DEPLOYMENT_TARGET = 9.3;
				MTL_ENABLE_DEBUG_INFO = NO;
				SDKROOT = iphoneos;
				TARGETED_DEVICE_FAMILY = "1,2";
				VALIDATE_PRODUCT = YES;
			};
			name = Release;
		};
		CE13BF651DB1283A00910A4F /* Debug */ = {
			isa = XCBuildConfiguration;
			buildSettings = {
				ASSETCATALOG_COMPILER_APPICON_NAME = AppIcon;
				INFOPLIST_FILE = pokeSearch/Info.plist;
				LD_RUNPATH_SEARCH_PATHS = "$(inherited) @executable_path/Frameworks";
				PRODUCT_BUNDLE_IDENTIFIER = com.DavidKennedy.pokeSearch;
				PRODUCT_NAME = "$(TARGET_NAME)";
			};
			name = Debug;
		};
		CE13BF661DB1283A00910A4F /* Release */ = {
			isa = XCBuildConfiguration;
			buildSettings = {
				ASSETCATALOG_COMPILER_APPICON_NAME = AppIcon;
				INFOPLIST_FILE = pokeSearch/Info.plist;
				LD_RUNPATH_SEARCH_PATHS = "$(inherited) @executable_path/Frameworks";
				PRODUCT_BUNDLE_IDENTIFIER = com.DavidKennedy.pokeSearch;
				PRODUCT_NAME = "$(TARGET_NAME)";
			};
			name = Release;
		};
/* End XCBuildConfiguration section */

/* Begin XCConfigurationList section */
		CE13BF4A1DB1283A00910A4F /* Build configuration list for PBXProject "pokeSearch" */ = {
			isa = XCConfigurationList;
			buildConfigurations = (
				CE13BF621DB1283A00910A4F /* Debug */,
				CE13BF631DB1283A00910A4F /* Release */,
			);
			defaultConfigurationIsVisible = 0;
			defaultConfigurationName = Release;
		};
		CE13BF641DB1283A00910A4F /* Build configuration list for PBXNativeTarget "pokeSearch" */ = {
			isa = XCConfigurationList;
			buildConfigurations = (
				CE13BF651DB1283A00910A4F /* Debug */,
				CE13BF661DB1283A00910A4F /* Release */,
			);
			defaultConfigurationIsVisible = 0;
		};
/* End XCConfigurationList section */

/* Begin XCVersionGroup section */
		CE13BF591DB1283A00910A4F /* pokeSearch.xcdatamodeld */ = {
			isa = XCVersionGroup;
			children = (
				CE13BF5A1DB1283A00910A4F /* pokeSearch.xcdatamodel */,
			);
			currentVersion = CE13BF5A1DB1283A00910A4F /* pokeSearch.xcdatamodel */;
			path = pokeSearch.xcdatamodeld;
			sourceTree = "<group>";
			versionGroupType = wrapper.xcdatamodel;
		};
/* End XCVersionGroup section */
	};
	rootObject = CE13BF471DB1283A00910A4F /* Project object */;
}
